
Microsoft Visual Studio Solution File, Format Version 12.00
# Visual Studio Version 16
VisualStudioVersion = 16.0.30413.136
MinimumVisualStudioVersion = 10.0.40219.1
Project("{8BC9CEB8-8B4A-11D0-8D11-00A0C91BC942}") = "ProjetPierre-OlivierLandry", "ProjetPierre-OlivierLandry\ProjetPierre-OlivierLandry.vcxproj", "{AC02810C-9620-44D1-96C0-718883ADC5AF}"
EndProject
Global
	GlobalSection(SolutionConfigurationPlatforms) = preSolution
		Debug|x64 = Debug|x64
		Debug|x86 = Debug|x86
		Release|x64 = Release|x64
		Release|x86 = Release|x86
	EndGlobalSection
	GlobalSection(ProjectConfigurationPlatforms) = postSolution
		{AC02810C-9620-44D1-96C0-718883ADC5AF}.Debug|x64.ActiveCfg = Debug|x64
		{AC02810C-9620-44D1-96C0-718883ADC5AF}.Debug|x64.Build.0 = Debug|x64
		{AC02810C-9620-44D1-96C0-718883ADC5AF}.Debug|x86.ActiveCfg = Debug|Win32
		{AC02810C-9620-44D1-96C0-718883ADC5AF}.Debug|x86.Build.0 = Debug|Win32
		{AC02810C-9620-44D1-96C0-718883ADC5AF}.Release|x64.ActiveCfg = Release|x64
		{AC02810C-9620-44D1-96C0-718883ADC5AF}.Release|x64.Build.0 = Release|x64
		{AC02810C-9620-44D1-96C0-718883ADC5AF}.Release|x86.ActiveCfg = Release|Win32
		{AC02810C-9620-44D1-96C0-718883ADC5AF}.Release|x86.Build.0 = Release|Win32
	EndGlobalSection
	GlobalSection(SolutionProperties) = preSolution
		HideSolutionNode = FALSE
	EndGlobalSection
	GlobalSection(ExtensibilityGlobals) = postSolution
		SolutionGuid = {B37ED8B6-F637-47F3-ABF4-840E02534FFD}
	EndGlobalSection
EndGlobal
